
Microsoft Visual Studio Solution File, Format Version 12.00
# Visual Studio Version 17
VisualStudioVersion = 17.1.32328.378
MinimumVisualStudioVersion = 10.0.40219.1
Project("{FAE04EC0-301F-11D3-BF4B-00C04F79EFBC}") = "UMT.UI", "UMT.UI\UMT.UI.csproj", "{8D84BC6B-9FE0-4274-A89D-93D0826CA072}"
EndProject
Project("{FAE04EC0-301F-11D3-BF4B-00C04F79EFBC}") = "UMT.Services", "UMT.Services\UMT.Services.csproj", "{9ED20C2B-1608-489A-9F11-FF41A2118511}"
EndProject
Project("{FAE04EC0-301F-11D3-BF4B-00C04F79EFBC}") = "UMT.IoC", "UMT.IoC\UMT.IoC.csproj", "{CC61BA8E-F01E-40FD-B008-15E8355681D7}"
EndProject
Project("{FAE04EC0-301F-11D3-BF4B-00C04F79EFBC}") = "UMT.IServices", "UMT.IServices\UMT.IServices.csproj", "{A6D80B1E-DAEE-4E6A-AC0C-8374B6E1EC32}"
EndProject
Project("{FAE04EC0-301F-11D3-BF4B-00C04F79EFBC}") = "UMT.ServiceReferences", "UMT.ServiceReferences\UMT.ServiceReferences.csproj", "{81AC3115-2101-4FF4-9BB2-BA8E5595673B}"
EndProject
Global
	GlobalSection(SolutionConfigurationPlatforms) = preSolution
		Debug|x64 = Debug|x64
		Release|x64 = Release|x64
	EndGlobalSection
	GlobalSection(ProjectConfigurationPlatforms) = postSolution
		{8D84BC6B-9FE0-4274-A89D-93D0826CA072}.Debug|x64.ActiveCfg = Debug|x64
		{8D84BC6B-9FE0-4274-A89D-93D0826CA072}.Debug|x64.Build.0 = Debug|x64
		{8D84BC6B-9FE0-4274-A89D-93D0826CA072}.Release|x64.ActiveCfg = Release|x64
		{8D84BC6B-9FE0-4274-A89D-93D0826CA072}.Release|x64.Build.0 = Release|x64
		{9ED20C2B-1608-489A-9F11-FF41A2118511}.Debug|x64.ActiveCfg = Debug|x64
		{9ED20C2B-1608-489A-9F11-FF41A2118511}.Debug|x64.Build.0 = Debug|x64
		{9ED20C2B-1608-489A-9F11-FF41A2118511}.Release|x64.ActiveCfg = Release|x64
		{9ED20C2B-1608-489A-9F11-FF41A2118511}.Release|x64.Build.0 = Release|x64
		{CC61BA8E-F01E-40FD-B008-15E8355681D7}.Debug|x64.ActiveCfg = Debug|x64
		{CC61BA8E-F01E-40FD-B008-15E8355681D7}.Debug|x64.Build.0 = Debug|x64
		{CC61BA8E-F01E-40FD-B008-15E8355681D7}.Release|x64.ActiveCfg = Release|x64
		{CC61BA8E-F01E-40FD-B008-15E8355681D7}.Release|x64.Build.0 = Release|x64
		{A6D80B1E-DAEE-4E6A-AC0C-8374B6E1EC32}.Debug|x64.ActiveCfg = Debug|x64
		{A6D80B1E-DAEE-4E6A-AC0C-8374B6E1EC32}.Debug|x64.Build.0 = Debug|x64
		{A6D80B1E-DAEE-4E6A-AC0C-8374B6E1EC32}.Release|x64.ActiveCfg = Release|x64
		{A6D80B1E-DAEE-4E6A-AC0C-8374B6E1EC32}.Release|x64.Build.0 = Release|x64
		{81AC3115-2101-4FF4-9BB2-BA8E5595673B}.Debug|x64.ActiveCfg = Debug|x64
		{81AC3115-2101-4FF4-9BB2-BA8E5595673B}.Debug|x64.Build.0 = Debug|x64
		{81AC3115-2101-4FF4-9BB2-BA8E5595673B}.Release|x64.ActiveCfg = Release|x64
		{81AC3115-2101-4FF4-9BB2-BA8E5595673B}.Release|x64.Build.0 = Release|x64
	EndGlobalSection
	GlobalSection(SolutionProperties) = preSolution
		HideSolutionNode = FALSE
	EndGlobalSection
	GlobalSection(ExtensibilityGlobals) = postSolution
		SolutionGuid = {D4BDC20B-3A4B-45AF-AF24-8CB2ABE0D8EE}
	EndGlobalSection
EndGlobal
